// !$*UTF8*$!
{
	archiveVersion = 1;
	classes = {
	};
	objectVersion = 46;
	objects = {

/* Begin PBXBuildFile section */
		B0AB6F0E1ADD80BD0029D476 /* AppDelegate.swift in Sources */ = {isa = PBXBuildFile; fileRef = B0AB6F0D1ADD80BD0029D476 /* AppDelegate.swift */; };
		B0AB6F101ADD80BD0029D476 /* ViewController.swift in Sources */ = {isa = PBXBuildFile; fileRef = B0AB6F0F1ADD80BD0029D476 /* ViewController.swift */; };
		B0AB6F131ADD80BD0029D476 /* Main.storyboard in Resources */ = {isa = PBXBuildFile; fileRef = B0AB6F111ADD80BD0029D476 /* Main.storyboard */; };
		B0AB6F151ADD80BD0029D476 /* Images.xcassets in Resources */ = {isa = PBXBuildFile; fileRef = B0AB6F141ADD80BD0029D476 /* Images.xcassets */; };
		B0AB6F181ADD80BD0029D476 /* LaunchScreen.xib in Resources */ = {isa = PBXBuildFile; fileRef = B0AB6F161ADD80BD0029D476 /* LaunchScreen.xib */; };
		B0AB6F241ADD80BD0029D476 /* SwiftyAudioTests.swift in Sources */ = {isa = PBXBuildFile; fileRef = B0AB6F231ADD80BD0029D476 /* SwiftyAudioTests.swift */; };
/* End PBXBuildFile section */

/* Begin PBXContainerItemProxy section */
		B0AB6F1E1ADD80BD0029D476 /* PBXContainerItemProxy */ = {
			isa = PBXContainerItemProxy;
			containerPortal = B0AB6F001ADD80BD0029D476 /* Project object */;
			proxyType = 1;
			remoteGlobalIDString = B0AB6F071ADD80BD0029D476;
			remoteInfo = SwiftyAudio;
		};
/* End PBXContainerItemProxy section */

/* Begin PBXFileReference section */
		B0AB6F081ADD80BD0029D476 /* SwiftyAudio.app */ = {isa = PBXFileReference; explicitFileType = wrapper.application; includeInIndex = 0; path = SwiftyAudio.app; sourceTree = BUILT_PRODUCTS_DIR; };
		B0AB6F0C1ADD80BD0029D476 /* Info.plist */ = {isa = PBXFileReference; lastKnownFileType = text.plist.xml; path = Info.plist; sourceTree = "<group>"; };
		B0AB6F0D1ADD80BD0029D476 /* AppDelegate.swift */ = {isa = PBXFileReference; lastKnownFileType = sourcecode.swift; path = AppDelegate.swift; sourceTree = "<group>"; };
		B0AB6F0F1ADD80BD0029D476 /* ViewController.swift */ = {isa = PBXFileReference; lastKnownFileType = sourcecode.swift; path = ViewController.swift; sourceTree = "<group>"; };
		B0AB6F121ADD80BD0029D476 /* Base */ = {isa = PBXFileReference; lastKnownFileType = file.storyboard; name = Base; path = Base.lproj/Main.storyboard; sourceTree = "<group>"; };
		B0AB6F141ADD80BD0029D476 /* Images.xcassets */ = {isa = PBXFileReference; lastKnownFileType = folder.assetcatalog; path = Images.xcassets; sourceTree = "<group>"; };
		B0AB6F171ADD80BD0029D476 /* Base */ = {isa = PBXFileReference; lastKnownFileType = file.xib; name = Base; path = Base.lproj/LaunchScreen.xib; sourceTree = "<group>"; };
		B0AB6F1D1ADD80BD0029D476 /* SwiftyAudioTests.xctest */ = {isa = PBXFileReference; explicitFileType = wrapper.cfbundle; includeInIndex = 0; path = SwiftyAudioTests.xctest; sourceTree = BUILT_PRODUCTS_DIR; };
		B0AB6F221ADD80BD0029D476 /* Info.plist */ = {isa = PBXFileReference; lastKnownFileType = text.plist.xml; path = Info.plist; sourceTree = "<group>"; };
		B0AB6F231ADD80BD0029D476 /* SwiftyAudioTests.swift */ = {isa = PBXFileReference; lastKnownFileType = sourcecode.swift; path = SwiftyAudioTests.swift; sourceTree = "<group>"; };
/* End PBXFileReference section */

/* Begin PBXFrameworksBuildPhase section */
		B0AB6F051ADD80BD0029D476 /* Frameworks */ = {
			isa = PBXFrameworksBuildPhase;
			buildActionMask = 2147483647;
			files = (
			);
			runOnlyForDeploymentPostprocessing = 0;
		};
		B0AB6F1A1ADD80BD0029D476 /* Frameworks */ = {
			isa = PBXFrameworksBuildPhase;
			buildActionMask = 2147483647;
			files = (
			);
			runOnlyForDeploymentPostprocessing = 0;
		};
/* End PBXFrameworksBuildPhase section */

/* Begin PBXGroup section */
		B0AB6EFF1ADD80BD0029D476 = {
			isa = PBXGroup;
			children = (
				B0AB6F0A1ADD80BD0029D476 /* SwiftyAudio */,
				B0AB6F201ADD80BD0029D476 /* SwiftyAudioTests */,
				B0AB6F091ADD80BD0029D476 /* Products */,
			);
			sourceTree = "<group>";
		};
		B0AB6F091ADD80BD0029D476 /* Products */ = {
			isa = PBXGroup;
			children = (
				B0AB6F081ADD80BD0029D476 /* SwiftyAudio.app */,
				B0AB6F1D1ADD80BD0029D476 /* SwiftyAudioTests.xctest */,
			);
			name = Products;
			sourceTree = "<group>";
		};
		B0AB6F0A1ADD80BD0029D476 /* SwiftyAudio */ = {
			isa = PBXGroup;
			children = (
				B0AB6F0D1ADD80BD0029D476 /* AppDelegate.swift */,
				B0AB6F0F1ADD80BD0029D476 /* ViewController.swift */,
				B0AB6F111ADD80BD0029D476 /* Main.storyboard */,
				B0AB6F141ADD80BD0029D476 /* Images.xcassets */,
				B0AB6F161ADD80BD0029D476 /* LaunchScreen.xib */,
				B0AB6F0B1ADD80BD0029D476 /* Supporting Files */,
			);
			path = SwiftyAudio;
			sourceTree = "<group>";
		};
		B0AB6F0B1ADD80BD0029D476 /* Supporting Files */ = {
			isa = PBXGroup;
			children = (
				B0AB6F0C1ADD80BD0029D476 /* Info.plist */,
			);
			name = "Supporting Files";
			sourceTree = "<group>";
		};
		B0AB6F201ADD80BD0029D476 /* SwiftyAudioTests */ = {
			isa = PBXGroup;
			children = (
				B0AB6F231ADD80BD0029D476 /* SwiftyAudioTests.swift */,
				B0AB6F211ADD80BD0029D476 /* Supporting Files */,
			);
			path = SwiftyAudioTests;
			sourceTree = "<group>";
		};
		B0AB6F211ADD80BD0029D476 /* Supporting Files */ = {
			isa = PBXGroup;
			children = (
				B0AB6F221ADD80BD0029D476 /* Info.plist */,
			);
			name = "Supporting Files";
			sourceTree = "<group>";
		};
/* End PBXGroup section */

/* Begin PBXNativeTarget section */
		B0AB6F071ADD80BD0029D476 /* SwiftyAudio */ = {
			isa = PBXNativeTarget;
			buildConfigurationList = B0AB6F271ADD80BD0029D476 /* Build configuration list for PBXNativeTarget "SwiftyAudio" */;
			buildPhases = (
				B0AB6F041ADD80BD0029D476 /* Sources */,
				B0AB6F051ADD80BD0029D476 /* Frameworks */,
				B0AB6F061ADD80BD0029D476 /* Resources */,
			);
			buildRules = (
			);
			dependencies = (
			);
			name = SwiftyAudio;
			productName = SwiftyAudio;
			productReference = B0AB6F081ADD80BD0029D476 /* SwiftyAudio.app */;
			productType = "com.apple.product-type.application";
		};
		B0AB6F1C1ADD80BD0029D476 /* SwiftyAudioTests */ = {
			isa = PBXNativeTarget;
			buildConfigurationList = B0AB6F2A1ADD80BD0029D476 /* Build configuration list for PBXNativeTarget "SwiftyAudioTests" */;
			buildPhases = (
				B0AB6F191ADD80BD0029D476 /* Sources */,
				B0AB6F1A1ADD80BD0029D476 /* Frameworks */,
				B0AB6F1B1ADD80BD0029D476 /* Resources */,
			);
			buildRules = (
			);
			dependencies = (
				B0AB6F1F1ADD80BD0029D476 /* PBXTargetDependency */,
			);
			name = SwiftyAudioTests;
			productName = SwiftyAudioTests;
			productReference = B0AB6F1D1ADD80BD0029D476 /* SwiftyAudioTests.xctest */;
			productType = "com.apple.product-type.bundle.unit-test";
		};
/* End PBXNativeTarget section */

/* Begin PBXProject section */
		B0AB6F001ADD80BD0029D476 /* Project object */ = {
			isa = PBXProject;
			attributes = {
				LastUpgradeCheck = 0630;
				ORGANIZATIONNAME = Ariel;
				TargetAttributes = {
					B0AB6F071ADD80BD0029D476 = {
						CreatedOnToolsVersion = 6.3;
					};
					B0AB6F1C1ADD80BD0029D476 = {
						CreatedOnToolsVersion = 6.3;
						TestTargetID = B0AB6F071ADD80BD0029D476;
					};
				};
			};
			buildConfigurationList = B0AB6F031ADD80BD0029D476 /* Build configuration list for PBXProject "SwiftyAudio" */;
			compatibilityVersion = "Xcode 3.2";
			developmentRegion = English;
			hasScannedForEncodings = 0;
			knownRegions = (
				en,
				Base,
			);
			mainGroup = B0AB6EFF1ADD80BD0029D476;
			productRefGroup = B0AB6F091ADD80BD0029D476 /* Products */;
			projectDirPath = "";
			projectRoot = "";
			targets = (
				B0AB6F071ADD80BD0029D476 /* SwiftyAudio */,
				B0AB6F1C1ADD80BD0029D476 /* SwiftyAudioTests */,
			);
		};
/* End PBXProject section */

/* Begin PBXResourcesBuildPhase section */
		B0AB6F061ADD80BD0029D476 /* Resources */ = {
			isa = PBXResourcesBuildPhase;
			buildActionMask = 2147483647;
			files = (
				B0AB6F131ADD80BD0029D476 /* Main.storyboard in Resources */,
				B0AB6F181ADD80BD0029D476 /* LaunchScreen.xib in Resources */,
				B0AB6F151ADD80BD0029D476 /* Images.xcassets in Resources */,
			);
			runOnlyForDeploymentPostprocessing = 0;
		};
		B0AB6F1B1ADD80BD0029D476 /* Resources */ = {
			isa = PBXResourcesBuildPhase;
			buildActionMask = 2147483647;
			files = (
			);
			runOnlyForDeploymentPostprocessing = 0;
		};
/* End PBXResourcesBuildPhase section */

/* Begin PBXSourcesBuildPhase section */
		B0AB6F041ADD80BD0029D476 /* Sources */ = {
			isa = PBXSourcesBuildPhase;
			buildActionMask = 2147483647;
			files = (
				B0AB6F101ADD80BD0029D476 /* ViewController.swift in Sources */,
				B0AB6F0E1ADD80BD0029D476 /* AppDelegate.swift in Sources */,
			);
			runOnlyForDeploymentPostprocessing = 0;
		};
		B0AB6F191ADD80BD0029D476 /* Sources */ = {
			isa = PBXSourcesBuildPhase;
			buildActionMask = 2147483647;
			files = (
				B0AB6F241ADD80BD0029D476 /* SwiftyAudioTests.swift in Sources */,
			);
			runOnlyForDeploymentPostprocessing = 0;
		};
/* End PBXSourcesBuildPhase section */

/* Begin PBXTargetDependency section */
		B0AB6F1F1ADD80BD0029D476 /* PBXTargetDependency */ = {
			isa = PBXTargetDependency;
			target = B0AB6F071ADD80BD0029D476 /* SwiftyAudio */;
			targetProxy = B0AB6F1E1ADD80BD0029D476 /* PBXContainerItemProxy */;
		};
/* End PBXTargetDependency section */

/* Begin PBXVariantGroup section */
		B0AB6F111ADD80BD0029D476 /* Main.storyboard */ = {
			isa = PBXVariantGroup;
			children = (
				B0AB6F121ADD80BD0029D476 /* Base */,
			);
			name = Main.storyboard;
			sourceTree = "<group>";
		};
		B0AB6F161ADD80BD0029D476 /* LaunchScreen.xib */ = {
			isa = PBXVariantGroup;
			children = (
				B0AB6F171ADD80BD0029D476 /* Base */,
			);
			name = LaunchScreen.xib;
			sourceTree = "<group>";
		};
/* End PBXVariantGroup section */

/* Begin XCBuildConfiguration section */
		B0AB6F251ADD80BD0029D476 /* Debug */ = {
			isa = XCBuildConfiguration;
			buildSettings = {
				ALWAYS_SEARCH_USER_PATHS = NO;
				CLANG_CXX_LANGUAGE_STANDARD = "gnu++0x";
				CLANG_CXX_LIBRARY = "libc++";
				CLANG_ENABLE_MODULES = YES;
				CLANG_ENABLE_OBJC_ARC = YES;
				CLANG_WARN_BOOL_CONVERSION = YES;
				CLANG_WARN_CONSTANT_CONVERSION = YES;
				CLANG_WARN_DIRECT_OBJC_ISA_USAGE = YES_ERROR;
				CLANG_WARN_EMPTY_BODY = YES;
				CLANG_WARN_ENUM_CONVERSION = YES;
				CLANG_WARN_INT_CONVERSION = YES;
				CLANG_WARN_OBJC_ROOT_CLASS = YES_ERROR;
				CLANG_WARN_UNREACHABLE_CODE = YES;
				CLANG_WARN__DUPLICATE_METHOD_MATCH = YES;
				"CODE_SIGN_IDENTITY[sdk=iphoneos*]" = "iPhone Developer";
				COPY_PHASE_STRIP = NO;
				DEBUG_INFORMATION_FORMAT = "dwarf-with-dsym";
				ENABLE_STRICT_OBJC_MSGSEND = YES;
				GCC_C_LANGUAGE_STANDARD = gnu99;
				GCC_DYNAMIC_NO_PIC = NO;
				GCC_NO_COMMON_BLOCKS = YES;
				GCC_OPTIMIZATION_LEVEL = 0;
				GCC_PREPROCESSOR_DEFINITIONS = (
					"DEBUG=1",
					"$(inherited)",
				);
				GCC_SYMBOLS_PRIVATE_EXTERN = NO;
				GCC_WARN_64_TO_32_BIT_CONVERSION = YES;
				GCC_WARN_ABOUT_RETURN_TYPE = YES_ERROR;
				GCC_WARN_UNDECLARED_SELECTOR = YES;
				GCC_WARN_UNINITIALIZED_AUTOS = YES_AGGRESSIVE;
				GCC_WARN_UNUSED_FUNCTION = YES;
				GCC_WARN_UNUSED_VARIABLE = YES;
				IPHONEOS_DEPLOYMENT_TARGET = 8.3;
				MTL_ENABLE_DEBUG_INFO = YES;
				ONLY_ACTIVE_ARCH = YES;
				SDKROOT = iphoneos;
				SWIFT_OPTIMIZATION_LEVEL = "-Onone";
			};
			name = Debug;
		};
		B0AB6F261ADD80BD0029D476 /* Release */ = {
			isa = XCBuildConfiguration;
			buildSettings = {
				ALWAYS_SEARCH_USER_PATHS = NO;
				CLANG_CXX_LANGUAGE_STANDARD = "gnu++0x";
				CLANG_CXX_LIBRARY = "libc++";
				CLANG_ENABLE_MODULES = YES;
				CLANG_ENABLE_OBJC_ARC = YES;
				CLANG_WARN_BOOL_CONVERSION = YES;
				CLANG_WARN_CONSTANT_CONVERSION = YES;
				CLANG_WARN_DIRECT_OBJC_ISA_USAGE = YES_ERROR;
				CLANG_WARN_EMPTY_BODY = YES;
				CLANG_WARN_ENUM_CONVERSION = YES;
				CLANG_WARN_INT_CONVERSION = YES;
				CLANG_WARN_OBJC_ROOT_CLASS = YES_ERROR;
				CLANG_WARN_UNREACHABLE_CODE = YES;
				CLANG_WARN__DUPLICATE_METHOD_MATCH = YES;
				"CODE_SIGN_IDENTITY[sdk=iphoneos*]" = "iPhone Developer";
				COPY_PHASE_STRIP = NO;
				DEBUG_INFORMATION_FORMAT = "dwarf-with-dsym";
				ENABLE_NS_ASSERTIONS = NO;
				ENABLE_STRICT_OBJC_MSGSEND = YES;
				GCC_C_LANGUAGE_STANDARD = gnu99;
				GCC_NO_COMMON_BLOCKS = YES;
				GCC_WARN_64_TO_32_BIT_CONVERSION = YES;
				GCC_WARN_ABOUT_RETURN_TYPE = YES_ERROR;
				GCC_WARN_UNDECLARED_SELECTOR = YES;
				GCC_WARN_UNINITIALIZED_AUTOS = YES_AGGRESSIVE;
				GCC_WARN_UNUSED_FUNCTION = YES;
				GCC_WARN_UNUSED_VARIABLE = YES;
				IPHONEOS_DEPLOYMENT_TARGET = 8.3;
				MTL_ENABLE_DEBUG_INFO = NO;
				SDKROOT = iphoneos;
				VALIDATE_PRODUCT = YES;
			};
			name = Release;
		};
		B0AB6F281ADD80BD0029D476 /* Debug */ = {
			isa = XCBuildConfiguration;
			buildSettings = {
				ASSETCATALOG_COMPILER_APPICON_NAME = AppIcon;
				INFOPLIST_FILE = SwiftyAudio/Info.plist;
				LD_RUNPATH_SEARCH_PATHS = "$(inherited) @executable_path/Frameworks";
				PRODUCT_NAME = "$(TARGET_NAME)";
			};
			name = Debug;
		};
		B0AB6F291ADD80BD0029D476 /* Release */ = {
			isa = XCBuildConfiguration;
			buildSettings = {
				ASSETCATALOG_COMPILER_APPICON_NAME = AppIcon;
				INFOPLIST_FILE = SwiftyAudio/Info.plist;
				LD_RUNPATH_SEARCH_PATHS = "$(inherited) @executable_path/Frameworks";
				PRODUCT_NAME = "$(TARGET_NAME)";
			};
			name = Release;
		};
		B0AB6F2B1ADD80BD0029D476 /* Debug */ = {
			isa = XCBuildConfiguration;
			buildSettings = {
				BUNDLE_LOADER = "$(TEST_HOST)";
				FRAMEWORK_SEARCH_PATHS = (
					"$(SDKROOT)/Developer/Library/Frameworks",
					"$(inherited)",
				);
				GCC_PREPROCESSOR_DEFINITIONS = (
					"DEBUG=1",
					"$(inherited)",
				);
				INFOPLIST_FILE = SwiftyAudioTests/Info.plist;
				LD_RUNPATH_SEARCH_PATHS = "$(inherited) @executable_path/Frameworks @loader_path/Frameworks";
				PRODUCT_NAME = "$(TARGET_NAME)";
				TEST_HOST = "$(BUILT_PRODUCTS_DIR)/SwiftyAudio.app/SwiftyAudio";
			};
			name = Debug;
		};
		B0AB6F2C1ADD80BD0029D476 /* Release */ = {
			isa = XCBuildConfiguration;
			buildSettings = {
				BUNDLE_LOADER = "$(TEST_HOST)";
				FRAMEWORK_SEARCH_PATHS = (
					"$(SDKROOT)/Developer/Library/Frameworks",
					"$(inherited)",
				);
				INFOPLIST_FILE = SwiftyAudioTests/Info.plist;
				LD_RUNPATH_SEARCH_PATHS = "$(inherited) @executable_path/Frameworks @loader_path/Frameworks";
				PRODUCT_NAME = "$(TARGET_NAME)";
				TEST_HOST = "$(BUILT_PRODUCTS_DIR)/SwiftyAudio.app/SwiftyAudio";
			};
			name = Release;
		};
/* End XCBuildConfiguration section */

/* Begin XCConfigurationList section */
		B0AB6F031ADD80BD0029D476 /* Build configuration list for PBXProject "SwiftyAudio" */ = {
			isa = XCConfigurationList;
			buildConfigurations = (
				B0AB6F251ADD80BD0029D476 /* Debug */,
				B0AB6F261ADD80BD0029D476 /* Release */,
			);
			defaultConfigurationIsVisible = 0;
			defaultConfigurationName = Release;
		};
		B0AB6F271ADD80BD0029D476 /* Build configuration list for PBXNativeTarget "SwiftyAudio" */ = {
			isa = XCConfigurationList;
			buildConfigurations = (
				B0AB6F281ADD80BD0029D476 /* Debug */,
				B0AB6F291ADD80BD0029D476 /* Release */,
			);
			defaultConfigurationIsVisible = 0;
		};
		B0AB6F2A1ADD80BD0029D476 /* Build configuration list for PBXNativeTarget "SwiftyAudioTests" */ = {
			isa = XCConfigurationList;
			buildConfigurations = (
				B0AB6F2B1ADD80BD0029D476 /* Debug */,
				B0AB6F2C1ADD80BD0029D476 /* Release */,
			);
			defaultConfigurationIsVisible = 0;
		};
/* End XCConfigurationList section */
	};
	rootObject = B0AB6F001ADD80BD0029D476 /* Project object */;
}
